
Microsoft Visual Studio Solution File, Format Version 12.00
# Visual Studio Version 17
VisualStudioVersion = 17.11.35312.102
MinimumVisualStudioVersion = 10.0.40219.1
Project("{9A19103F-16F7-4668-BE54-9A1E7A4F7556}") = "PersonalFinanceConsoleApp", "PersonalFinanceConsoleApp.csproj", "{0836988E-5A66-4092-88C0-650E6A4EF47F}"
EndProject
Global
	GlobalSection(SolutionConfigurationPlatforms) = preSolution
		Debug|Any CPU = Debug|Any CPU
		Release|Any CPU = Release|Any CPU
	EndGlobalSection
	GlobalSection(ProjectConfigurationPlatforms) = postSolution
		{0836988E-5A66-4092-88C0-650E6A4EF47F}.Debug|Any CPU.ActiveCfg = Debug|Any CPU
		{0836988E-5A66-4092-88C0-650E6A4EF47F}.Debug|Any CPU.Build.0 = Debug|Any CPU
		{0836988E-5A66-4092-88C0-650E6A4EF47F}.Release|Any CPU.ActiveCfg = Release|Any CPU
		{0836988E-5A66-4092-88C0-650E6A4EF47F}.Release|Any CPU.Build.0 = Release|Any CPU
	EndGlobalSection
	GlobalSection(SolutionProperties) = preSolution
		HideSolutionNode = FALSE
	EndGlobalSection
	GlobalSection(ExtensibilityGlobals) = postSolution
		SolutionGuid = {A966CC36-9356-43E2-A9E2-D8D4ABDC745A}
	EndGlobalSection
EndGlobal
